
Microsoft Visual Studio Solution File, Format Version 12.00
# Visual Studio 15
VisualStudioVersion = 15.0.28010.2036
MinimumVisualStudioVersion = 10.0.40219.1
Project("{FAE04EC0-301F-11D3-BF4B-00C04F79EFBC}") = "Tatoeba.Mobile.Android", "Tatoeba.Mobile\Tatoeba.Mobile.Android\Tatoeba.Mobile.Android.csproj", "{E5D17247-02A2-4161-9D2F-C1DEBB9B6310}"
EndProject
Project("{FAE04EC0-301F-11D3-BF4B-00C04F79EFBC}") = "Tatoeba.Mobile.iOS", "Tatoeba.Mobile\Tatoeba.Mobile.iOS\Tatoeba.Mobile.iOS.csproj", "{A6C73A74-56CC-4781-AF0D-BD8AC24CF6B7}"
EndProject
Project("{FAE04EC0-301F-11D3-BF4B-00C04F79EFBC}") = "Tatoeba.Mobile.UWP", "Tatoeba.Mobile\Tatoeba.Mobile.UWP\Tatoeba.Mobile.UWP.csproj", "{4BAA04FC-1F71-4B23-AC38-233CA6838F75}"
EndProject
Project("{FAE04EC0-301F-11D3-BF4B-00C04F79EFBC}") = "Tatoeba.Mobile", "Tatoeba.Mobile\Tatoeba.Mobile\Tatoeba.Mobile.csproj", "{1719AA3A-562D-424C-B3DF-9FEE9791DC06}"
EndProject
Global
	GlobalSection(SolutionConfigurationPlatforms) = preSolution
		Debug|Any CPU = Debug|Any CPU
		Debug|ARM = Debug|ARM
		Debug|iPhone = Debug|iPhone
		Debug|iPhoneSimulator = Debug|iPhoneSimulator
		Debug|x64 = Debug|x64
		Debug|x86 = Debug|x86
		Release|Any CPU = Release|Any CPU
		Release|ARM = Release|ARM
		Release|iPhone = Release|iPhone
		Release|iPhoneSimulator = Release|iPhoneSimulator
		Release|x64 = Release|x64
		Release|x86 = Release|x86
	EndGlobalSection
	GlobalSection(ProjectConfigurationPlatforms) = postSolution
		{E5D17247-02A2-4161-9D2F-C1DEBB9B6310}.Debug|Any CPU.ActiveCfg = Debug|Any CPU
		{E5D17247-02A2-4161-9D2F-C1DEBB9B6310}.Debug|Any CPU.Build.0 = Debug|Any CPU
		{E5D17247-02A2-4161-9D2F-C1DEBB9B6310}.Debug|Any CPU.Deploy.0 = Debug|Any CPU
		{E5D17247-02A2-4161-9D2F-C1DEBB9B6310}.Debug|ARM.ActiveCfg = Debug|Any CPU
		{E5D17247-02A2-4161-9D2F-C1DEBB9B6310}.Debug|ARM.Build.0 = Debug|Any CPU
		{E5D17247-02A2-4161-9D2F-C1DEBB9B6310}.Debug|ARM.Deploy.0 = Debug|Any CPU
		{E5D17247-02A2-4161-9D2F-C1DEBB9B6310}.Debug|iPhone.ActiveCfg = Debug|Any CPU
		{E5D17247-02A2-4161-9D2F-C1DEBB9B6310}.Debug|iPhone.Build.0 = Debug|Any CPU
		{E5D17247-02A2-4161-9D2F-C1DEBB9B6310}.Debug|iPhone.Deploy.0 = Debug|Any CPU
		{E5D17247-02A2-4161-9D2F-C1DEBB9B6310}.Debug|iPhoneSimulator.ActiveCfg = Debug|Any CPU
		{E5D17247-02A2-4161-9D2F-C1DEBB9B6310}.Debug|iPhoneSimulator.Build.0 = Debug|Any CPU
		{E5D17247-02A2-4161-9D2F-C1DEBB9B6310}.Debug|iPhoneSimulator.Deploy.0 = Debug|Any CPU
		{E5D17247-02A2-4161-9D2F-C1DEBB9B6310}.Debug|x64.ActiveCfg = Debug|Any CPU
		{E5D17247-02A2-4161-9D2F-C1DEBB9B6310}.Debug|x64.Build.0 = Debug|Any CPU
		{E5D17247-02A2-4161-9D2F-C1DEBB9B6310}.Debug|x64.Deploy.0 = Debug|Any CPU
		{E5D17247-02A2-4161-9D2F-C1DEBB9B6310}.Debug|x86.ActiveCfg = Debug|Any CPU
		{E5D17247-02A2-4161-9D2F-C1DEBB9B6310}.Debug|x86.Build.0 = Debug|Any CPU
		{E5D17247-02A2-4161-9D2F-C1DEBB9B6310}.Debug|x86.Deploy.0 = Debug|Any CPU
		{E5D17247-02A2-4161-9D2F-C1DEBB9B6310}.Release|Any CPU.ActiveCfg = Release|Any CPU
		{E5D17247-02A2-4161-9D2F-C1DEBB9B6310}.Release|Any CPU.Build.0 = Release|Any CPU
		{E5D17247-02A2-4161-9D2F-C1DEBB9B6310}.Release|Any CPU.Deploy.0 = Release|Any CPU
		{E5D17247-02A2-4161-9D2F-C1DEBB9B6310}.Release|ARM.ActiveCfg = Release|Any CPU
		{E5D17247-02A2-4161-9D2F-C1DEBB9B6310}.Release|ARM.Build.0 = Release|Any CPU
		{E5D17247-02A2-4161-9D2F-C1DEBB9B6310}.Release|ARM.Deploy.0 = Release|Any CPU
		{E5D17247-02A2-4161-9D2F-C1DEBB9B6310}.Release|iPhone.ActiveCfg = Release|Any CPU
		{E5D17247-02A2-4161-9D2F-C1DEBB9B6310}.Release|iPhone.Build.0 = Release|Any CPU
		{E5D17247-02A2-4161-9D2F-C1DEBB9B6310}.Release|iPhone.Deploy.0 = Release|Any CPU
		{E5D17247-02A2-4161-9D2F-C1DEBB9B6310}.Release|iPhoneSimulator.ActiveCfg = Release|Any CPU
		{E5D17247-02A2-4161-9D2F-C1DEBB9B6310}.Release|iPhoneSimulator.Build.0 = Release|Any CPU
		{E5D17247-02A2-4161-9D2F-C1DEBB9B6310}.Release|iPhoneSimulator.Deploy.0 = Release|Any CPU
		{E5D17247-02A2-4161-9D2F-C1DEBB9B6310}.Release|x64.ActiveCfg = Release|Any CPU
		{E5D17247-02A2-4161-9D2F-C1DEBB9B6310}.Release|x64.Build.0 = Release|Any CPU
		{E5D17247-02A2-4161-9D2F-C1DEBB9B6310}.Release|x64.Deploy.0 = Release|Any CPU
		{E5D17247-02A2-4161-9D2F-C1DEBB9B6310}.Release|x86.ActiveCfg = Release|Any CPU
		{E5D17247-02A2-4161-9D2F-C1DEBB9B6310}.Release|x86.Build.0 = Release|Any CPU
		{E5D17247-02A2-4161-9D2F-C1DEBB9B6310}.Release|x86.Deploy.0 = Release|Any CPU
		{A6C73A74-56CC-4781-AF0D-BD8AC24CF6B7}.Debug|Any CPU.ActiveCfg = Debug|iPhoneSimulator
		{A6C73A74-56CC-4781-AF0D-BD8AC24CF6B7}.Debug|Any CPU.Build.0 = Debug|iPhoneSimulator
		{A6C73A74-56CC-4781-AF0D-BD8AC24CF6B7}.Debug|Any CPU.Deploy.0 = Debug|iPhoneSimulator
		{A6C73A74-56CC-4781-AF0D-BD8AC24CF6B7}.Debug|ARM.ActiveCfg = Debug|iPhone
		{A6C73A74-56CC-4781-AF0D-BD8AC24CF6B7}.Debug|ARM.Build.0 = Debug|iPhone
		{A6C73A74-56CC-4781-AF0D-BD8AC24CF6B7}.Debug|ARM.Deploy.0 = Debug|iPhone
		{A6C73A74-56CC-4781-AF0D-BD8AC24CF6B7}.Debug|iPhone.ActiveCfg = Debug|iPhone
		{A6C73A74-56CC-4781-AF0D-BD8AC24CF6B7}.Debug|iPhone.Build.0 = Debug|iPhone
		{A6C73A74-56CC-4781-AF0D-BD8AC24CF6B7}.Debug|iPhone.Deploy.0 = Debug|iPhone
		{A6C73A74-56CC-4781-AF0D-BD8AC24CF6B7}.Debug|iPhoneSimulator.ActiveCfg = Debug|iPhoneSimulator
		{A6C73A74-56CC-4781-AF0D-BD8AC24CF6B7}.Debug|iPhoneSimulator.Build.0 = Debug|iPhoneSimulator
		{A6C73A74-56CC-4781-AF0D-BD8AC24CF6B7}.Debug|iPhoneSimulator.Deploy.0 = Debug|iPhoneSimulator
		{A6C73A74-56CC-4781-AF0D-BD8AC24CF6B7}.Debug|x64.ActiveCfg = Debug|iPhone
		{A6C73A74-56CC-4781-AF0D-BD8AC24CF6B7}.Debug|x64.Build.0 = Debug|iPhone
		{A6C73A74-56CC-4781-AF0D-BD8AC24CF6B7}.Debug|x64.Deploy.0 = Debug|iPhone
		{A6C73A74-56CC-4781-AF0D-BD8AC24CF6B7}.Debug|x86.ActiveCfg = Debug|iPhone
		{A6C73A74-56CC-4781-AF0D-BD8AC24CF6B7}.Debug|x86.Build.0 = Debug|iPhone
		{A6C73A74-56CC-4781-AF0D-BD8AC24CF6B7}.Debug|x86.Deploy.0 = Debug|iPhone
		{A6C73A74-56CC-4781-AF0D-BD8AC24CF6B7}.Release|Any CPU.ActiveCfg = Release|iPhone
		{A6C73A74-56CC-4781-AF0D-BD8AC24CF6B7}.Release|Any CPU.Build.0 = Release|iPhone
		{A6C73A74-56CC-4781-AF0D-BD8AC24CF6B7}.Release|Any CPU.Deploy.0 = Release|iPhone
		{A6C73A74-56CC-4781-AF0D-BD8AC24CF6B7}.Release|ARM.ActiveCfg = Release|iPhone
		{A6C73A74-56CC-4781-AF0D-BD8AC24CF6B7}.Release|ARM.Build.0 = Release|iPhone
		{A6C73A74-56CC-4781-AF0D-BD8AC24CF6B7}.Release|ARM.Deploy.0 = Release|iPhone
		{A6C73A74-56CC-4781-AF0D-BD8AC24CF6B7}.Release|iPhone.ActiveCfg = Release|iPhone
		{A6C73A74-56CC-4781-AF0D-BD8AC24CF6B7}.Release|iPhone.Build.0 = Release|iPhone
		{A6C73A74-56CC-4781-AF0D-BD8AC24CF6B7}.Release|iPhone.Deploy.0 = Release|iPhone
		{A6C73A74-56CC-4781-AF0D-BD8AC24CF6B7}.Release|iPhoneSimulator.ActiveCfg = Release|iPhoneSimulator
		{A6C73A74-56CC-4781-AF0D-BD8AC24CF6B7}.Release|iPhoneSimulator.Build.0 = Release|iPhoneSimulator
		{A6C73A74-56CC-4781-AF0D-BD8AC24CF6B7}.Release|iPhoneSimulator.Deploy.0 = Release|iPhoneSimulator
		{A6C73A74-56CC-4781-AF0D-BD8AC24CF6B7}.Release|x64.ActiveCfg = Release|iPhone
		{A6C73A74-56CC-4781-AF0D-BD8AC24CF6B7}.Release|x64.Build.0 = Release|iPhone
		{A6C73A74-56CC-4781-AF0D-BD8AC24CF6B7}.Release|x64.Deploy.0 = Release|iPhone
		{A6C73A74-56CC-4781-AF0D-BD8AC24CF6B7}.Release|x86.ActiveCfg = Release|iPhone
		{A6C73A74-56CC-4781-AF0D-BD8AC24CF6B7}.Release|x86.Build.0 = Release|iPhone
		{A6C73A74-56CC-4781-AF0D-BD8AC24CF6B7}.Release|x86.Deploy.0 = Release|iPhone
		{4BAA04FC-1F71-4B23-AC38-233CA6838F75}.Debug|Any CPU.ActiveCfg = Debug|x86
		{4BAA04FC-1F71-4B23-AC38-233CA6838F75}.Debug|Any CPU.Build.0 = Debug|x86
		{4BAA04FC-1F71-4B23-AC38-233CA6838F75}.Debug|Any CPU.Deploy.0 = Debug|x86
		{4BAA04FC-1F71-4B23-AC38-233CA6838F75}.Debug|ARM.ActiveCfg = Debug|ARM
		{4BAA04FC-1F71-4B23-AC38-233CA6838F75}.Debug|ARM.Build.0 = Debug|ARM
		{4BAA04FC-1F71-4B23-AC38-233CA6838F75}.Debug|ARM.Deploy.0 = Debug|ARM
		{4BAA04FC-1F71-4B23-AC38-233CA6838F75}.Debug|iPhone.ActiveCfg = Debug|x86
		{4BAA04FC-1F71-4B23-AC38-233CA6838F75}.Debug|iPhone.Build.0 = Debug|x86
		{4BAA04FC-1F71-4B23-AC38-233CA6838F75}.Debug|iPhone.Deploy.0 = Debug|x86
		{4BAA04FC-1F71-4B23-AC38-233CA6838F75}.Debug|iPhoneSimulator.ActiveCfg = Debug|x86
		{4BAA04FC-1F71-4B23-AC38-233CA6838F75}.Debug|iPhoneSimulator.Build.0 = Debug|x86
		{4BAA04FC-1F71-4B23-AC38-233CA6838F75}.Debug|iPhoneSimulator.Deploy.0 = Debug|x86
		{4BAA04FC-1F71-4B23-AC38-233CA6838F75}.Debug|x64.ActiveCfg = Debug|x64
		{4BAA04FC-1F71-4B23-AC38-233CA6838F75}.Debug|x64.Build.0 = Debug|x64
		{4BAA04FC-1F71-4B23-AC38-233CA6838F75}.Debug|x64.Deploy.0 = Debug|x64
		{4BAA04FC-1F71-4B23-AC38-233CA6838F75}.Debug|x86.ActiveCfg = Debug|x86
		{4BAA04FC-1F71-4B23-AC38-233CA6838F75}.Debug|x86.Build.0 = Debug|x86
		{4BAA04FC-1F71-4B23-AC38-233CA6838F75}.Debug|x86.Deploy.0 = Debug|x86
		{4BAA04FC-1F71-4B23-AC38-233CA6838F75}.Release|Any CPU.ActiveCfg = Release|x86
		{4BAA04FC-1F71-4B23-AC38-233CA6838F75}.Release|Any CPU.Build.0 = Release|x86
		{4BAA04FC-1F71-4B23-AC38-233CA6838F75}.Release|Any CPU.Deploy.0 = Release|x86
		{4BAA04FC-1F71-4B23-AC38-233CA6838F75}.Release|ARM.ActiveCfg = Release|ARM
		{4BAA04FC-1F71-4B23-AC38-233CA6838F75}.Release|ARM.Build.0 = Release|ARM
		{4BAA04FC-1F71-4B23-AC38-233CA6838F75}.Release|ARM.Deploy.0 = Release|ARM
		{4BAA04FC-1F71-4B23-AC38-233CA6838F75}.Release|iPhone.ActiveCfg = Release|x86
		{4BAA04FC-1F71-4B23-AC38-233CA6838F75}.Release|iPhone.Build.0 = Release|x86
		{4BAA04FC-1F71-4B23-AC38-233CA6838F75}.Release|iPhone.Deploy.0 = Release|x86
		{4BAA04FC-1F71-4B23-AC38-233CA6838F75}.Release|iPhoneSimulator.ActiveCfg = Release|x86
		{4BAA04FC-1F71-4B23-AC38-233CA6838F75}.Release|iPhoneSimulator.Build.0 = Release|x86
		{4BAA04FC-1F71-4B23-AC38-233CA6838F75}.Release|iPhoneSimulator.Deploy.0 = Release|x86
		{4BAA04FC-1F71-4B23-AC38-233CA6838F75}.Release|x64.ActiveCfg = Release|x64
		{4BAA04FC-1F71-4B23-AC38-233CA6838F75}.Release|x64.Build.0 = Release|x64
		{4BAA04FC-1F71-4B23-AC38-233CA6838F75}.Release|x64.Deploy.0 = Release|x64
		{4BAA04FC-1F71-4B23-AC38-233CA6838F75}.Release|x86.ActiveCfg = Release|x86
		{4BAA04FC-1F71-4B23-AC38-233CA6838F75}.Release|x86.Build.0 = Release|x86
		{4BAA04FC-1F71-4B23-AC38-233CA6838F75}.Release|x86.Deploy.0 = Release|x86
		{1719AA3A-562D-424C-B3DF-9FEE9791DC06}.Debug|Any CPU.ActiveCfg = Debug|Any CPU
		{1719AA3A-562D-424C-B3DF-9FEE9791DC06}.Debug|Any CPU.Build.0 = Debug|Any CPU
		{1719AA3A-562D-424C-B3DF-9FEE9791DC06}.Debug|Any CPU.Deploy.0 = Debug|Any CPU
		{1719AA3A-562D-424C-B3DF-9FEE9791DC06}.Debug|ARM.ActiveCfg = Debug|Any CPU
		{1719AA3A-562D-424C-B3DF-9FEE9791DC06}.Debug|ARM.Build.0 = Debug|Any CPU
		{1719AA3A-562D-424C-B3DF-9FEE9791DC06}.Debug|ARM.Deploy.0 = Debug|Any CPU
		{1719AA3A-562D-424C-B3DF-9FEE9791DC06}.Debug|iPhone.ActiveCfg = Debug|Any CPU
		{1719AA3A-562D-424C-B3DF-9FEE9791DC06}.Debug|iPhone.Build.0 = Debug|Any CPU
		{1719AA3A-562D-424C-B3DF-9FEE9791DC06}.Debug|iPhone.Deploy.0 = Debug|Any CPU
		{1719AA3A-562D-424C-B3DF-9FEE9791DC06}.Debug|iPhoneSimulator.ActiveCfg = Debug|Any CPU
		{1719AA3A-562D-424C-B3DF-9FEE9791DC06}.Debug|iPhoneSimulator.Build.0 = Debug|Any CPU
		{1719AA3A-562D-424C-B3DF-9FEE9791DC06}.Debug|iPhoneSimulator.Deploy.0 = Debug|Any CPU
		{1719AA3A-562D-424C-B3DF-9FEE9791DC06}.Debug|x64.ActiveCfg = Debug|Any CPU
		{1719AA3A-562D-424C-B3DF-9FEE9791DC06}.Debug|x64.Build.0 = Debug|Any CPU
		{1719AA3A-562D-424C-B3DF-9FEE9791DC06}.Debug|x64.Deploy.0 = Debug|Any CPU
		{1719AA3A-562D-424C-B3DF-9FEE9791DC06}.Debug|x86.ActiveCfg = Debug|Any CPU
		{1719AA3A-562D-424C-B3DF-9FEE9791DC06}.Debug|x86.Build.0 = Debug|Any CPU
		{1719AA3A-562D-424C-B3DF-9FEE9791DC06}.Debug|x86.Deploy.0 = Debug|Any CPU
		{1719AA3A-562D-424C-B3DF-9FEE9791DC06}.Release|Any CPU.ActiveCfg = Release|Any CPU
		{1719AA3A-562D-424C-B3DF-9FEE9791DC06}.Release|Any CPU.Build.0 = Release|Any CPU
		{1719AA3A-562D-424C-B3DF-9FEE9791DC06}.Release|Any CPU.Deploy.0 = Release|Any CPU
		{1719AA3A-562D-424C-B3DF-9FEE9791DC06}.Release|ARM.ActiveCfg = Release|Any CPU
		{1719AA3A-562D-424C-B3DF-9FEE9791DC06}.Release|ARM.Build.0 = Release|Any CPU
		{1719AA3A-562D-424C-B3DF-9FEE9791DC06}.Release|ARM.Deploy.0 = Release|Any CPU
		{1719AA3A-562D-424C-B3DF-9FEE9791DC06}.Release|iPhone.ActiveCfg = Release|Any CPU
		{1719AA3A-562D-424C-B3DF-9FEE9791DC06}.Release|iPhone.Build.0 = Release|Any CPU
		{1719AA3A-562D-424C-B3DF-9FEE9791DC06}.Release|iPhone.Deploy.0 = Release|Any CPU
		{1719AA3A-562D-424C-B3DF-9FEE9791DC06}.Release|iPhoneSimulator.ActiveCfg = Release|Any CPU
		{1719AA3A-562D-424C-B3DF-9FEE9791DC06}.Release|iPhoneSimulator.Build.0 = Release|Any CPU
		{1719AA3A-562D-424C-B3DF-9FEE9791DC06}.Release|iPhoneSimulator.Deploy.0 = Release|Any CPU
		{1719AA3A-562D-424C-B3DF-9FEE9791DC06}.Release|x64.ActiveCfg = Release|Any CPU
		{1719AA3A-562D-424C-B3DF-9FEE9791DC06}.Release|x64.Build.0 = Release|Any CPU
		{1719AA3A-562D-424C-B3DF-9FEE9791DC06}.Release|x64.Deploy.0 = Release|Any CPU
		{1719AA3A-562D-424C-B3DF-9FEE9791DC06}.Release|x86.ActiveCfg = Release|Any CPU
		{1719AA3A-562D-424C-B3DF-9FEE9791DC06}.Release|x86.Build.0 = Release|Any CPU
		{1719AA3A-562D-424C-B3DF-9FEE9791DC06}.Release|x86.Deploy.0 = Release|Any CPU
	EndGlobalSection
	GlobalSection(SolutionProperties) = preSolution
		HideSolutionNode = FALSE
	EndGlobalSection
	GlobalSection(ExtensibilityGlobals) = postSolution
		SolutionGuid = {E145BC49-FF9E-406C-89A6-410F38208070}
	EndGlobalSection
EndGlobal
